
Microsoft Visual Studio Solution File, Format Version 12.00
# Visual Studio Version 17
VisualStudioVersion = 17.0.32112.339
MinimumVisualStudioVersion = 10.0.40219.1
Project("{9A19103F-16F7-4668-BE54-9A1E7A4F7556}") = "ASPNetCoreMastersToDoList.API", "ASPNetCoreMastersToDoList.API\ASPNetCoreMastersToDoList.API.csproj", "{74C6CA2F-B3AF-475F-B57B-4C217D341EAE}"
EndProject
Project("{9A19103F-16F7-4668-BE54-9A1E7A4F7556}") = "ASPNetCoreMastersToDoList.Service", "ASPNetCoreMastersToDoList.Service\ASPNetCoreMastersToDoList.Service.csproj", "{872C4F6C-25F3-41D0-8D37-A36EE2D8B145}"
EndProject
Project("{9A19103F-16F7-4668-BE54-9A1E7A4F7556}") = "DomainModels", "DomainModels\DomainModels.csproj", "{D6391E6D-B72D-4053-859E-5905E35203DF}"
EndProject
Project("{FAE04EC0-301F-11D3-BF4B-00C04F79EFBC}") = "ASPNetCoreMastersToDoList.Repository", "ASPNetCoreMastersToDoList.Repository\ASPNetCoreMastersToDoList.Repository.csproj", "{41646450-33D3-4682-8549-08A84DDEFA46}"
EndProject
Global
	GlobalSection(SolutionConfigurationPlatforms) = preSolution
		Debug|Any CPU = Debug|Any CPU
		Release|Any CPU = Release|Any CPU
	EndGlobalSection
	GlobalSection(ProjectConfigurationPlatforms) = postSolution
		{74C6CA2F-B3AF-475F-B57B-4C217D341EAE}.Debug|Any CPU.ActiveCfg = Debug|Any CPU
		{74C6CA2F-B3AF-475F-B57B-4C217D341EAE}.Debug|Any CPU.Build.0 = Debug|Any CPU
		{74C6CA2F-B3AF-475F-B57B-4C217D341EAE}.Release|Any CPU.ActiveCfg = Release|Any CPU
		{74C6CA2F-B3AF-475F-B57B-4C217D341EAE}.Release|Any CPU.Build.0 = Release|Any CPU
		{872C4F6C-25F3-41D0-8D37-A36EE2D8B145}.Debug|Any CPU.ActiveCfg = Debug|Any CPU
		{872C4F6C-25F3-41D0-8D37-A36EE2D8B145}.Debug|Any CPU.Build.0 = Debug|Any CPU
		{872C4F6C-25F3-41D0-8D37-A36EE2D8B145}.Release|Any CPU.ActiveCfg = Release|Any CPU
		{872C4F6C-25F3-41D0-8D37-A36EE2D8B145}.Release|Any CPU.Build.0 = Release|Any CPU
		{D6391E6D-B72D-4053-859E-5905E35203DF}.Debug|Any CPU.ActiveCfg = Debug|Any CPU
		{D6391E6D-B72D-4053-859E-5905E35203DF}.Debug|Any CPU.Build.0 = Debug|Any CPU
		{D6391E6D-B72D-4053-859E-5905E35203DF}.Release|Any CPU.ActiveCfg = Release|Any CPU
		{D6391E6D-B72D-4053-859E-5905E35203DF}.Release|Any CPU.Build.0 = Release|Any CPU
		{41646450-33D3-4682-8549-08A84DDEFA46}.Debug|Any CPU.ActiveCfg = Debug|Any CPU
		{41646450-33D3-4682-8549-08A84DDEFA46}.Debug|Any CPU.Build.0 = Debug|Any CPU
		{41646450-33D3-4682-8549-08A84DDEFA46}.Release|Any CPU.ActiveCfg = Release|Any CPU
		{41646450-33D3-4682-8549-08A84DDEFA46}.Release|Any CPU.Build.0 = Release|Any CPU
	EndGlobalSection
	GlobalSection(SolutionProperties) = preSolution
		HideSolutionNode = FALSE
	EndGlobalSection
	GlobalSection(ExtensibilityGlobals) = postSolution
		SolutionGuid = {E612A246-7D63-45DC-9826-F9AA37AB3703}
	EndGlobalSection
EndGlobal
